
Microsoft Visual Studio Solution File, Format Version 12.00
# Visual Studio Version 16
VisualStudioVersion = 16.0.30114.105
MinimumVisualStudioVersion = 10.0.40219.1
Project("{FAE04EC0-301F-11D3-BF4B-00C04F79EFBC}") = "API", "API\API.csproj", "{C52B4208-FD5F-482A-B0F0-F8C9E970729D}"
EndProject
Global
	GlobalSection(SolutionConfigurationPlatforms) = preSolution
		Debug|Any CPU = Debug|Any CPU
		Release|Any CPU = Release|Any CPU
	EndGlobalSection
	GlobalSection(SolutionProperties) = preSolution
		HideSolutionNode = FALSE
	EndGlobalSection
	GlobalSection(ProjectConfigurationPlatforms) = postSolution
		{C52B4208-FD5F-482A-B0F0-F8C9E970729D}.Debug|Any CPU.ActiveCfg = Debug|Any CPU
		{C52B4208-FD5F-482A-B0F0-F8C9E970729D}.Debug|Any CPU.Build.0 = Debug|Any CPU
		{C52B4208-FD5F-482A-B0F0-F8C9E970729D}.Release|Any CPU.ActiveCfg = Release|Any CPU
		{C52B4208-FD5F-482A-B0F0-F8C9E970729D}.Release|Any CPU.Build.0 = Release|Any CPU
	EndGlobalSection
EndGlobal
